// !$*UTF8*$!
{
	archiveVersion = 1;
	classes = {
	};
	objectVersion = 56;
	objects = {

/* Begin PBXBuildFile section */
		1B3FF26A29AE7EF800F2A58C /* UIColor+CustomColors.swift in Sources */ = {isa = PBXBuildFile; fileRef = 1B3FF26929AE7EF800F2A58C /* UIColor+CustomColors.swift */; };
		1B632F8829AEC85C008209B2 /* BaseVC.swift in Sources */ = {isa = PBXBuildFile; fileRef = 1B632F8729AEC85C008209B2 /* BaseVC.swift */; };
		1B632F8C29AEC888008209B2 /* BaseView.swift in Sources */ = {isa = PBXBuildFile; fileRef = 1B632F8B29AEC888008209B2 /* BaseView.swift */; };
		1B632F8E29AEC89E008209B2 /* BasePresenterProtocol.swift in Sources */ = {isa = PBXBuildFile; fileRef = 1B632F8D29AEC89E008209B2 /* BasePresenterProtocol.swift */; };
		1B632F9029AEC8D2008209B2 /* BaseViewProtocol.swift in Sources */ = {isa = PBXBuildFile; fileRef = 1B632F8F29AEC8D2008209B2 /* BaseViewProtocol.swift */; };
		1B632F9329AECC37008209B2 /* BaseRouter.swift in Sources */ = {isa = PBXBuildFile; fileRef = 1B632F9229AECC37008209B2 /* BaseRouter.swift */; };
		1B632F9A29AF62BA008209B2 /* UIViewController+loading.swift in Sources */ = {isa = PBXBuildFile; fileRef = 1B632F9929AF62BA008209B2 /* UIViewController+loading.swift */; };
		1B632F9C29AF62C7008209B2 /* UIViewController+showAlert.swift in Sources */ = {isa = PBXBuildFile; fileRef = 1B632F9B29AF62C7008209B2 /* UIViewController+showAlert.swift */; };
		1B632F9F29AF62E5008209B2 /* UIView+anchor.swift in Sources */ = {isa = PBXBuildFile; fileRef = 1B632F9E29AF62E5008209B2 /* UIView+anchor.swift */; };
		1B632FA129AF62F0008209B2 /* UIView+makeRounded.swift in Sources */ = {isa = PBXBuildFile; fileRef = 1B632FA029AF62F0008209B2 /* UIView+makeRounded.swift */; };
		1B632FA329AF6304008209B2 /* UIview+fillSuperviewSafeArea.swift in Sources */ = {isa = PBXBuildFile; fileRef = 1B632FA229AF6304008209B2 /* UIview+fillSuperviewSafeArea.swift */; };
		1B632FA929AF63E6008209B2 /* Alamofire in Frameworks */ = {isa = PBXBuildFile; productRef = 1B632FA829AF63E6008209B2 /* Alamofire */; };
		1B632FB229AFAED6008209B2 /* Network.swift in Sources */ = {isa = PBXBuildFile; fileRef = 1B632FB129AFAED6008209B2 /* Network.swift */; };
		1B632FB429AFAF1E008209B2 /* NetworkMiddleware.swift in Sources */ = {isa = PBXBuildFile; fileRef = 1B632FB329AFAF1E008209B2 /* NetworkMiddleware.swift */; };
		1B632FB629AFAF36008209B2 /* URLRequestConvertible.swift in Sources */ = {isa = PBXBuildFile; fileRef = 1B632FB529AFAF36008209B2 /* URLRequestConvertible.swift */; };
		1B632FB929AFCC23008209B2 /* IntrinsicTableView.swift in Sources */ = {isa = PBXBuildFile; fileRef = 1B632FB829AFCC23008209B2 /* IntrinsicTableView.swift */; };
		1B632FBD29B0F975008209B2 /* MainTabBar.swift in Sources */ = {isa = PBXBuildFile; fileRef = 1B632FBC29B0F975008209B2 /* MainTabBar.swift */; };
		1B632FC229B0FBA9008209B2 /* GameDetailsVCRouter.swift in Sources */ = {isa = PBXBuildFile; fileRef = 1B632FC129B0FBA9008209B2 /* GameDetailsVCRouter.swift */; };
		1B632FC529B0FBC6008209B2 /* FavouritesVCRouter.swift in Sources */ = {isa = PBXBuildFile; fileRef = 1B632FC429B0FBC6008209B2 /* FavouritesVCRouter.swift */; };
		1B632FC729B0FBD6008209B2 /* GamesVCRouter.swift in Sources */ = {isa = PBXBuildFile; fileRef = 1B632FC629B0FBD6008209B2 /* GamesVCRouter.swift */; };
		1B632FC929B0FC43008209B2 /* GameDetailsVCPresenter.swift in Sources */ = {isa = PBXBuildFile; fileRef = 1B632FC829B0FC43008209B2 /* GameDetailsVCPresenter.swift */; };
		1B632FCC29B0FC77008209B2 /* FavouritesVCPresenter.swift in Sources */ = {isa = PBXBuildFile; fileRef = 1B632FCB29B0FC76008209B2 /* FavouritesVCPresenter.swift */; };
		1B632FCF29B0FC91008209B2 /* GamesVCPresenter.swift in Sources */ = {isa = PBXBuildFile; fileRef = 1B632FCE29B0FC91008209B2 /* GamesVCPresenter.swift */; };
		1B632FD129B10E32008209B2 /* UIViewController+toNavigation.swift in Sources */ = {isa = PBXBuildFile; fileRef = 1B632FD029B10E32008209B2 /* UIViewController+toNavigation.swift */; };
		1B632FD329B110E4008209B2 /* GamesView.swift in Sources */ = {isa = PBXBuildFile; fileRef = 1B632FD229B110E4008209B2 /* GamesView.swift */; };
		1B632FD529B110EF008209B2 /* GamesVC.swift in Sources */ = {isa = PBXBuildFile; fileRef = 1B632FD429B110EF008209B2 /* GamesVC.swift */; };
		1B632FD729B11102008209B2 /* FavouritesView.swift in Sources */ = {isa = PBXBuildFile; fileRef = 1B632FD629B11102008209B2 /* FavouritesView.swift */; };
		1B632FD929B11112008209B2 /* FavouritesVC.swift in Sources */ = {isa = PBXBuildFile; fileRef = 1B632FD829B11112008209B2 /* FavouritesVC.swift */; };
		1B632FDB29B11129008209B2 /* GameDetailsView.swift in Sources */ = {isa = PBXBuildFile; fileRef = 1B632FDA29B11129008209B2 /* GameDetailsView.swift */; };
		1B632FDD29B11135008209B2 /* GameDetailsVC.swift in Sources */ = {isa = PBXBuildFile; fileRef = 1B632FDC29B11135008209B2 /* GameDetailsVC.swift */; };
		1B632FE029B11D00008209B2 /* GameCell.swift in Sources */ = {isa = PBXBuildFile; fileRef = 1B632FDF29B11D00008209B2 /* GameCell.swift */; };
		1B632FE429B11D79008209B2 /* UICollectionView+identifier.swift in Sources */ = {isa = PBXBuildFile; fileRef = 1B632FE329B11D79008209B2 /* UICollectionView+identifier.swift */; };
		1B632FE929B1261D008209B2 /* GamesVC+CollectionViewDelegate.swift in Sources */ = {isa = PBXBuildFile; fileRef = 1B632FE829B1261D008209B2 /* GamesVC+CollectionViewDelegate.swift */; };
		1B632FEC29B1272D008209B2 /* BaseCodable.swift in Sources */ = {isa = PBXBuildFile; fileRef = 1B632FEB29B1272D008209B2 /* BaseCodable.swift */; };
		1B632FEE29B12791008209B2 /* GamesVC+ViewDelegate.swift in Sources */ = {isa = PBXBuildFile; fileRef = 1B632FED29B12791008209B2 /* GamesVC+ViewDelegate.swift */; };
		1B632FF129B12827008209B2 /* UICollectionView+forceDequeueCell.swift in Sources */ = {isa = PBXBuildFile; fileRef = 1B632FF029B12827008209B2 /* UICollectionView+forceDequeueCell.swift */; };
		1B632FF329B12877008209B2 /* GameCell+ViewDelegate.swift in Sources */ = {isa = PBXBuildFile; fileRef = 1B632FF229B12877008209B2 /* GameCell+ViewDelegate.swift */; };
		1B632FF529B12DD3008209B2 /* GamesRepository.swift in Sources */ = {isa = PBXBuildFile; fileRef = 1B632FF429B12DD3008209B2 /* GamesRepository.swift */; };
		1B632FFA29B12FBA008209B2 /* Constants.swift in Sources */ = {isa = PBXBuildFile; fileRef = 1B632FF929B12FBA008209B2 /* Constants.swift */; };
		1B632FFC29B16448008209B2 /* UIView+fillSuperView.swift in Sources */ = {isa = PBXBuildFile; fileRef = 1B632FFB29B16448008209B2 /* UIView+fillSuperView.swift */; };
		1B632FFF29B168E2008209B2 /* SDWebImage in Frameworks */ = {isa = PBXBuildFile; productRef = 1B632FFE29B168E2008209B2 /* SDWebImage */; };
		1B63300129B169DD008209B2 /* GamesNetworkRouter.swift in Sources */ = {isa = PBXBuildFile; fileRef = 1B63300029B169DD008209B2 /* GamesNetworkRouter.swift */; };
		1B63300329B16BB4008209B2 /* Game.swift in Sources */ = {isa = PBXBuildFile; fileRef = 1B63300229B16BB4008209B2 /* Game.swift */; };
		1B63300629B17085008209B2 /* UIImageView+LoadImage.swift in Sources */ = {isa = PBXBuildFile; fileRef = 1B63300529B17085008209B2 /* UIImageView+LoadImage.swift */; };
		1B63300829B189E0008209B2 /* GamesVC+SearchBarDelegate.swift in Sources */ = {isa = PBXBuildFile; fileRef = 1B63300729B189E0008209B2 /* GamesVC+SearchBarDelegate.swift */; };
		1BFF3F3829AD311D00068AEF /* AppDelegate.swift in Sources */ = {isa = PBXBuildFile; fileRef = 1BFF3F3729AD311D00068AEF /* AppDelegate.swift */; };
		1BFF3F4129AD311E00068AEF /* Assets.xcassets in Resources */ = {isa = PBXBuildFile; fileRef = 1BFF3F4029AD311E00068AEF /* Assets.xcassets */; };
		1BFF3F4429AD311E00068AEF /* LaunchScreen.storyboard in Resources */ = {isa = PBXBuildFile; fileRef = 1BFF3F4229AD311E00068AEF /* LaunchScreen.storyboard */; };
		1BFF3F4F29AD311E00068AEF /* GamesAppTests.swift in Sources */ = {isa = PBXBuildFile; fileRef = 1BFF3F4E29AD311E00068AEF /* GamesAppTests.swift */; };
		1BFF3F5929AD311E00068AEF /* GamesAppUITests.swift in Sources */ = {isa = PBXBuildFile; fileRef = 1BFF3F5829AD311E00068AEF /* GamesAppUITests.swift */; };
		1BFF3F5B29AD311E00068AEF /* GamesAppUITestsLaunchTests.swift in Sources */ = {isa = PBXBuildFile; fileRef = 1BFF3F5A29AD311E00068AEF /* GamesAppUITestsLaunchTests.swift */; };
		1BFF3F6829AD334000068AEF /* AppDelegate+appearance.swift in Sources */ = {isa = PBXBuildFile; fileRef = 1BFF3F6729AD334000068AEF /* AppDelegate+appearance.swift */; };
/* End PBXBuildFile section */

/* Begin PBXContainerItemProxy section */
		1BFF3F4B29AD311E00068AEF /* PBXContainerItemProxy */ = {
			isa = PBXContainerItemProxy;
			containerPortal = 1BFF3F2C29AD311D00068AEF /* Project object */;
			proxyType = 1;
			remoteGlobalIDString = 1BFF3F3329AD311D00068AEF;
			remoteInfo = GamesApp;
		};
		1BFF3F5529AD311E00068AEF /* PBXContainerItemProxy */ = {
			isa = PBXContainerItemProxy;
			containerPortal = 1BFF3F2C29AD311D00068AEF /* Project object */;
			proxyType = 1;
			remoteGlobalIDString = 1BFF3F3329AD311D00068AEF;
			remoteInfo = GamesApp;
		};
/* End PBXContainerItemProxy section */

/* Begin PBXFileReference section */
		1B3FF26929AE7EF800F2A58C /* UIColor+CustomColors.swift */ = {isa = PBXFileReference; lastKnownFileType = sourcecode.swift; path = "UIColor+CustomColors.swift"; sourceTree = "<group>"; };
		1B632F8729AEC85C008209B2 /* BaseVC.swift */ = {isa = PBXFileReference; lastKnownFileType = sourcecode.swift; path = BaseVC.swift; sourceTree = "<group>"; };
		1B632F8B29AEC888008209B2 /* BaseView.swift */ = {isa = PBXFileReference; lastKnownFileType = sourcecode.swift; path = BaseView.swift; sourceTree = "<group>"; };
		1B632F8D29AEC89E008209B2 /* BasePresenterProtocol.swift */ = {isa = PBXFileReference; lastKnownFileType = sourcecode.swift; path = BasePresenterProtocol.swift; sourceTree = "<group>"; };
		1B632F8F29AEC8D2008209B2 /* BaseViewProtocol.swift */ = {isa = PBXFileReference; lastKnownFileType = sourcecode.swift; path = BaseViewProtocol.swift; sourceTree = "<group>"; };
		1B632F9229AECC37008209B2 /* BaseRouter.swift */ = {isa = PBXFileReference; lastKnownFileType = sourcecode.swift; path = BaseRouter.swift; sourceTree = "<group>"; };
		1B632F9929AF62BA008209B2 /* UIViewController+loading.swift */ = {isa = PBXFileReference; lastKnownFileType = sourcecode.swift; path = "UIViewController+loading.swift"; sourceTree = "<group>"; };
		1B632F9B29AF62C7008209B2 /* UIViewController+showAlert.swift */ = {isa = PBXFileReference; lastKnownFileType = sourcecode.swift; path = "UIViewController+showAlert.swift"; sourceTree = "<group>"; };
		1B632F9E29AF62E5008209B2 /* UIView+anchor.swift */ = {isa = PBXFileReference; lastKnownFileType = sourcecode.swift; path = "UIView+anchor.swift"; sourceTree = "<group>"; };
		1B632FA029AF62F0008209B2 /* UIView+makeRounded.swift */ = {isa = PBXFileReference; lastKnownFileType = sourcecode.swift; path = "UIView+makeRounded.swift"; sourceTree = "<group>"; };
		1B632FA229AF6304008209B2 /* UIview+fillSuperviewSafeArea.swift */ = {isa = PBXFileReference; lastKnownFileType = sourcecode.swift; path = "UIview+fillSuperviewSafeArea.swift"; sourceTree = "<group>"; };
		1B632FB129AFAED6008209B2 /* Network.swift */ = {isa = PBXFileReference; lastKnownFileType = sourcecode.swift; path = Network.swift; sourceTree = "<group>"; };
		1B632FB329AFAF1E008209B2 /* NetworkMiddleware.swift */ = {isa = PBXFileReference; lastKnownFileType = sourcecode.swift; path = NetworkMiddleware.swift; sourceTree = "<group>"; };
		1B632FB529AFAF36008209B2 /* URLRequestConvertible.swift */ = {isa = PBXFileReference; lastKnownFileType = sourcecode.swift; path = URLRequestConvertible.swift; sourceTree = "<group>"; };
		1B632FB829AFCC23008209B2 /* IntrinsicTableView.swift */ = {isa = PBXFileReference; lastKnownFileType = sourcecode.swift; path = IntrinsicTableView.swift; sourceTree = "<group>"; };
		1B632FBC29B0F975008209B2 /* MainTabBar.swift */ = {isa = PBXFileReference; lastKnownFileType = sourcecode.swift; path = MainTabBar.swift; sourceTree = "<group>"; };
		1B632FC129B0FBA9008209B2 /* GameDetailsVCRouter.swift */ = {isa = PBXFileReference; lastKnownFileType = sourcecode.swift; path = GameDetailsVCRouter.swift; sourceTree = "<group>"; };
		1B632FC429B0FBC6008209B2 /* FavouritesVCRouter.swift */ = {isa = PBXFileReference; lastKnownFileType = sourcecode.swift; path = FavouritesVCRouter.swift; sourceTree = "<group>"; };
		1B632FC629B0FBD6008209B2 /* GamesVCRouter.swift */ = {isa = PBXFileReference; lastKnownFileType = sourcecode.swift; path = GamesVCRouter.swift; sourceTree = "<group>"; };
		1B632FC829B0FC43008209B2 /* GameDetailsVCPresenter.swift */ = {isa = PBXFileReference; lastKnownFileType = sourcecode.swift; path = GameDetailsVCPresenter.swift; sourceTree = "<group>"; };
		1B632FCB29B0FC76008209B2 /* FavouritesVCPresenter.swift */ = {isa = PBXFileReference; lastKnownFileType = sourcecode.swift; path = FavouritesVCPresenter.swift; sourceTree = "<group>"; };
		1B632FCE29B0FC91008209B2 /* GamesVCPresenter.swift */ = {isa = PBXFileReference; lastKnownFileType = sourcecode.swift; path = GamesVCPresenter.swift; sourceTree = "<group>"; };
		1B632FD029B10E32008209B2 /* UIViewController+toNavigation.swift */ = {isa = PBXFileReference; lastKnownFileType = sourcecode.swift; path = "UIViewController+toNavigation.swift"; sourceTree = "<group>"; };
		1B632FD229B110E4008209B2 /* GamesView.swift */ = {isa = PBXFileReference; lastKnownFileType = sourcecode.swift; path = GamesView.swift; sourceTree = "<group>"; };
		1B632FD429B110EF008209B2 /* GamesVC.swift */ = {isa = PBXFileReference; lastKnownFileType = sourcecode.swift; path = GamesVC.swift; sourceTree = "<group>"; };
		1B632FD629B11102008209B2 /* FavouritesView.swift */ = {isa = PBXFileReference; lastKnownFileType = sourcecode.swift; path = FavouritesView.swift; sourceTree = "<group>"; };
		1B632FD829B11112008209B2 /* FavouritesVC.swift */ = {isa = PBXFileReference; lastKnownFileType = sourcecode.swift; path = FavouritesVC.swift; sourceTree = "<group>"; };
		1B632FDA29B11129008209B2 /* GameDetailsView.swift */ = {isa = PBXFileReference; lastKnownFileType = sourcecode.swift; path = GameDetailsView.swift; sourceTree = "<group>"; };
		1B632FDC29B11135008209B2 /* GameDetailsVC.swift */ = {isa = PBXFileReference; lastKnownFileType = sourcecode.swift; path = GameDetailsVC.swift; sourceTree = "<group>"; };
		1B632FDF29B11D00008209B2 /* GameCell.swift */ = {isa = PBXFileReference; lastKnownFileType = sourcecode.swift; path = GameCell.swift; sourceTree = "<group>"; };
		1B632FE329B11D79008209B2 /* UICollectionView+identifier.swift */ = {isa = PBXFileReference; lastKnownFileType = sourcecode.swift; path = "UICollectionView+identifier.swift"; sourceTree = "<group>"; };
		1B632FE829B1261D008209B2 /* GamesVC+CollectionViewDelegate.swift */ = {isa = PBXFileReference; lastKnownFileType = sourcecode.swift; path = "GamesVC+CollectionViewDelegate.swift"; sourceTree = "<group>"; };
		1B632FEB29B1272D008209B2 /* BaseCodable.swift */ = {isa = PBXFileReference; lastKnownFileType = sourcecode.swift; path = BaseCodable.swift; sourceTree = "<group>"; };
		1B632FED29B12791008209B2 /* GamesVC+ViewDelegate.swift */ = {isa = PBXFileReference; lastKnownFileType = sourcecode.swift; path = "GamesVC+ViewDelegate.swift"; sourceTree = "<group>"; };
		1B632FF029B12827008209B2 /* UICollectionView+forceDequeueCell.swift */ = {isa = PBXFileReference; lastKnownFileType = sourcecode.swift; path = "UICollectionView+forceDequeueCell.swift"; sourceTree = "<group>"; };
		1B632FF229B12877008209B2 /* GameCell+ViewDelegate.swift */ = {isa = PBXFileReference; lastKnownFileType = sourcecode.swift; path = "GameCell+ViewDelegate.swift"; sourceTree = "<group>"; };
		1B632FF429B12DD3008209B2 /* GamesRepository.swift */ = {isa = PBXFileReference; lastKnownFileType = sourcecode.swift; path = GamesRepository.swift; sourceTree = "<group>"; };
		1B632FF929B12FBA008209B2 /* Constants.swift */ = {isa = PBXFileReference; lastKnownFileType = sourcecode.swift; path = Constants.swift; sourceTree = "<group>"; };
		1B632FFB29B16448008209B2 /* UIView+fillSuperView.swift */ = {isa = PBXFileReference; lastKnownFileType = sourcecode.swift; path = "UIView+fillSuperView.swift"; sourceTree = "<group>"; };
		1B63300029B169DD008209B2 /* GamesNetworkRouter.swift */ = {isa = PBXFileReference; lastKnownFileType = sourcecode.swift; path = GamesNetworkRouter.swift; sourceTree = "<group>"; };
		1B63300229B16BB4008209B2 /* Game.swift */ = {isa = PBXFileReference; lastKnownFileType = sourcecode.swift; path = Game.swift; sourceTree = "<group>"; };
		1B63300529B17085008209B2 /* UIImageView+LoadImage.swift */ = {isa = PBXFileReference; lastKnownFileType = sourcecode.swift; path = "UIImageView+LoadImage.swift"; sourceTree = "<group>"; };
		1B63300729B189E0008209B2 /* GamesVC+SearchBarDelegate.swift */ = {isa = PBXFileReference; lastKnownFileType = sourcecode.swift; path = "GamesVC+SearchBarDelegate.swift"; sourceTree = "<group>"; };
		1BFF3F3429AD311D00068AEF /* GamesApp.app */ = {isa = PBXFileReference; explicitFileType = wrapper.application; includeInIndex = 0; path = GamesApp.app; sourceTree = BUILT_PRODUCTS_DIR; };
		1BFF3F3729AD311D00068AEF /* AppDelegate.swift */ = {isa = PBXFileReference; lastKnownFileType = sourcecode.swift; path = AppDelegate.swift; sourceTree = "<group>"; };
		1BFF3F4029AD311E00068AEF /* Assets.xcassets */ = {isa = PBXFileReference; lastKnownFileType = folder.assetcatalog; path = Assets.xcassets; sourceTree = "<group>"; };
		1BFF3F4329AD311E00068AEF /* Base */ = {isa = PBXFileReference; lastKnownFileType = file.storyboard; name = Base; path = Base.lproj/LaunchScreen.storyboard; sourceTree = "<group>"; };
		1BFF3F4529AD311E00068AEF /* Info.plist */ = {isa = PBXFileReference; lastKnownFileType = text.plist.xml; path = Info.plist; sourceTree = "<group>"; };
		1BFF3F4A29AD311E00068AEF /* GamesAppTests.xctest */ = {isa = PBXFileReference; explicitFileType = wrapper.cfbundle; includeInIndex = 0; path = GamesAppTests.xctest; sourceTree = BUILT_PRODUCTS_DIR; };
		1BFF3F4E29AD311E00068AEF /* GamesAppTests.swift */ = {isa = PBXFileReference; lastKnownFileType = sourcecode.swift; path = GamesAppTests.swift; sourceTree = "<group>"; };
		1BFF3F5429AD311E00068AEF /* GamesAppUITests.xctest */ = {isa = PBXFileReference; explicitFileType = wrapper.cfbundle; includeInIndex = 0; path = GamesAppUITests.xctest; sourceTree = BUILT_PRODUCTS_DIR; };
		1BFF3F5829AD311E00068AEF /* GamesAppUITests.swift */ = {isa = PBXFileReference; lastKnownFileType = sourcecode.swift; path = GamesAppUITests.swift; sourceTree = "<group>"; };
		1BFF3F5A29AD311E00068AEF /* GamesAppUITestsLaunchTests.swift */ = {isa = PBXFileReference; lastKnownFileType = sourcecode.swift; path = GamesAppUITestsLaunchTests.swift; sourceTree = "<group>"; };
		1BFF3F6729AD334000068AEF /* AppDelegate+appearance.swift */ = {isa = PBXFileReference; lastKnownFileType = sourcecode.swift; path = "AppDelegate+appearance.swift"; sourceTree = "<group>"; };
/* End PBXFileReference section */

/* Begin PBXFrameworksBuildPhase section */
		1BFF3F3129AD311D00068AEF /* Frameworks */ = {
			isa = PBXFrameworksBuildPhase;
			buildActionMask = 2147483647;
			files = (
				1B632FFF29B168E2008209B2 /* SDWebImage in Frameworks */,
				1B632FA929AF63E6008209B2 /* Alamofire in Frameworks */,
			);
			runOnlyForDeploymentPostprocessing = 0;
		};
		1BFF3F4729AD311E00068AEF /* Frameworks */ = {
			isa = PBXFrameworksBuildPhase;
			buildActionMask = 2147483647;
			files = (
			);
			runOnlyForDeploymentPostprocessing = 0;
		};
		1BFF3F5129AD311E00068AEF /* Frameworks */ = {
			isa = PBXFrameworksBuildPhase;
			buildActionMask = 2147483647;
			files = (
			);
			runOnlyForDeploymentPostprocessing = 0;
		};
/* End PBXFrameworksBuildPhase section */

/* Begin PBXGroup section */
		1B3FF26729AE7EAC00F2A58C /* Extensions */ = {
			isa = PBXGroup;
			children = (
				1B63300429B16FB0008209B2 /* UIImageView */,
				1B632FEF29B12815008209B2 /* UICollectionView */,
				1B632FE229B11D69008209B2 /* UICollectionViewCell */,
				1B632F9D29AF62D8008209B2 /* UIView */,
				1B632F9829AF62AA008209B2 /* UIViewController */,
				1B632FE129B11D60008209B2 /* UIColor */,
			);
			path = Extensions;
			sourceTree = "<group>";
		};
		1B632F8629AEC826008209B2 /* Base */ = {
			isa = PBXGroup;
			children = (
				1B632F8729AEC85C008209B2 /* BaseVC.swift */,
				1B632F8B29AEC888008209B2 /* BaseView.swift */,
				1B632F8D29AEC89E008209B2 /* BasePresenterProtocol.swift */,
				1B632F8F29AEC8D2008209B2 /* BaseViewProtocol.swift */,
				1B632F9129AEC900008209B2 /* BaseRouter */,
			);
			path = Base;
			sourceTree = "<group>";
		};
		1B632F9129AEC900008209B2 /* BaseRouter */ = {
			isa = PBXGroup;
			children = (
				1B632F9229AECC37008209B2 /* BaseRouter.swift */,
			);
			path = BaseRouter;
			sourceTree = "<group>";
		};
		1B632F9829AF62AA008209B2 /* UIViewController */ = {
			isa = PBXGroup;
			children = (
				1B632F9929AF62BA008209B2 /* UIViewController+loading.swift */,
				1B632F9B29AF62C7008209B2 /* UIViewController+showAlert.swift */,
				1B632FD029B10E32008209B2 /* UIViewController+toNavigation.swift */,
			);
			path = UIViewController;
			sourceTree = "<group>";
		};
		1B632F9D29AF62D8008209B2 /* UIView */ = {
			isa = PBXGroup;
			children = (
				1B632F9E29AF62E5008209B2 /* UIView+anchor.swift */,
				1B632FA029AF62F0008209B2 /* UIView+makeRounded.swift */,
				1B632FA229AF6304008209B2 /* UIview+fillSuperviewSafeArea.swift */,
				1B632FFB29B16448008209B2 /* UIView+fillSuperView.swift */,
			);
			path = UIView;
			sourceTree = "<group>";
		};
		1B632FB029AFAE5E008209B2 /* Network */ = {
			isa = PBXGroup;
			children = (
				1B632FE529B12443008209B2 /* Base */,
				1B632FE629B12453008209B2 /* Routers */,
			);
			path = Network;
			sourceTree = "<group>";
		};
		1B632FB729AFCC09008209B2 /* UICustomClasses */ = {
			isa = PBXGroup;
			children = (
				1B632FB829AFCC23008209B2 /* IntrinsicTableView.swift */,
				1B632FBC29B0F975008209B2 /* MainTabBar.swift */,
			);
			path = UICustomClasses;
			sourceTree = "<group>";
		};
		1B632FBE29B0FB23008209B2 /* Games */ = {
			isa = PBXGroup;
			children = (
				1B632FC629B0FBD6008209B2 /* GamesVCRouter.swift */,
				1B632FCD29B0FC7E008209B2 /* ViewController */,
				1B632FD229B110E4008209B2 /* GamesView.swift */,
				1B632FD429B110EF008209B2 /* GamesVC.swift */,
				1B632FE829B1261D008209B2 /* GamesVC+CollectionViewDelegate.swift */,
				1B632FED29B12791008209B2 /* GamesVC+ViewDelegate.swift */,
				1B63300729B189E0008209B2 /* GamesVC+SearchBarDelegate.swift */,
				1B632FDE29B11CE3008209B2 /* GameCell */,
				1B632FCE29B0FC91008209B2 /* GamesVCPresenter.swift */,
			);
			path = Games;
			sourceTree = "<group>";
		};
		1B632FBF29B0FB2A008209B2 /* Favourites */ = {
			isa = PBXGroup;
			children = (
				1B632FC429B0FBC6008209B2 /* FavouritesVCRouter.swift */,
				1B632FCA29B0FC5B008209B2 /* ViewController */,
				1B632FCB29B0FC76008209B2 /* FavouritesVCPresenter.swift */,
			);
			path = Favourites;
			sourceTree = "<group>";
		};
		1B632FC029B0FB3C008209B2 /* GameDetails */ = {
			isa = PBXGroup;
			children = (
				1B632FC129B0FBA9008209B2 /* GameDetailsVCRouter.swift */,
				1B632FC329B0FBAD008209B2 /* ViewController */,
				1B632FC829B0FC43008209B2 /* GameDetailsVCPresenter.swift */,
			);
			path = GameDetails;
			sourceTree = "<group>";
		};
		1B632FC329B0FBAD008209B2 /* ViewController */ = {
			isa = PBXGroup;
			children = (
				1B632FDA29B11129008209B2 /* GameDetailsView.swift */,
				1B632FDC29B11135008209B2 /* GameDetailsVC.swift */,
			);
			path = ViewController;
			sourceTree = "<group>";
		};
		1B632FCA29B0FC5B008209B2 /* ViewController */ = {
			isa = PBXGroup;
			children = (
				1B632FD629B11102008209B2 /* FavouritesView.swift */,
				1B632FD829B11112008209B2 /* FavouritesVC.swift */,
			);
			path = ViewController;
			sourceTree = "<group>";
		};
		1B632FCD29B0FC7E008209B2 /* ViewController */ = {
			isa = PBXGroup;
			children = (
			);
			path = ViewController;
			sourceTree = "<group>";
		};
		1B632FDE29B11CE3008209B2 /* GameCell */ = {
			isa = PBXGroup;
			children = (
				1B632FDF29B11D00008209B2 /* GameCell.swift */,
				1B632FF229B12877008209B2 /* GameCell+ViewDelegate.swift */,
			);
			path = GameCell;
			sourceTree = "<group>";
		};
		1B632FE129B11D60008209B2 /* UIColor */ = {
			isa = PBXGroup;
			children = (
				1B3FF26929AE7EF800F2A58C /* UIColor+CustomColors.swift */,
			);
			path = UIColor;
			sourceTree = "<group>";
		};
		1B632FE229B11D69008209B2 /* UICollectionViewCell */ = {
			isa = PBXGroup;
			children = (
				1B632FE329B11D79008209B2 /* UICollectionView+identifier.swift */,
			);
			path = UICollectionViewCell;
			sourceTree = "<group>";
		};
		1B632FE529B12443008209B2 /* Base */ = {
			isa = PBXGroup;
			children = (
				1B632FB129AFAED6008209B2 /* Network.swift */,
				1B632FB329AFAF1E008209B2 /* NetworkMiddleware.swift */,
				1B632FB529AFAF36008209B2 /* URLRequestConvertible.swift */,
			);
			path = Base;
			sourceTree = "<group>";
		};
		1B632FE629B12453008209B2 /* Routers */ = {
			isa = PBXGroup;
			children = (
				1B63300029B169DD008209B2 /* GamesNetworkRouter.swift */,
			);
			path = Routers;
			sourceTree = "<group>";
		};
		1B632FE729B1245A008209B2 /* Repositories */ = {
			isa = PBXGroup;
			children = (
				1B632FF429B12DD3008209B2 /* GamesRepository.swift */,
			);
			path = Repositories;
			sourceTree = "<group>";
		};
		1B632FEA29B1271A008209B2 /* Model */ = {
			isa = PBXGroup;
			children = (
				1B632FEB29B1272D008209B2 /* BaseCodable.swift */,
				1B63300229B16BB4008209B2 /* Game.swift */,
			);
			path = Model;
			sourceTree = "<group>";
		};
		1B632FEF29B12815008209B2 /* UICollectionView */ = {
			isa = PBXGroup;
			children = (
				1B632FF029B12827008209B2 /* UICollectionView+forceDequeueCell.swift */,
			);
			path = UICollectionView;
			sourceTree = "<group>";
		};
		1B632FF629B12F6E008209B2 /* Configurations */ = {
			isa = PBXGroup;
			children = (
				1BFF3F4529AD311E00068AEF /* Info.plist */,
			);
			path = Configurations;
			sourceTree = "<group>";
		};
		1B632FF729B12F76008209B2 /* Core */ = {
			isa = PBXGroup;
			children = (
				1BFF3F3729AD311D00068AEF /* AppDelegate.swift */,
				1BFF3F6729AD334000068AEF /* AppDelegate+appearance.swift */,
			);
			path = Core;
			sourceTree = "<group>";
		};
		1B632FF829B12F8D008209B2 /* Resources */ = {
			isa = PBXGroup;
			children = (
				1BFF3F4029AD311E00068AEF /* Assets.xcassets */,
				1BFF3F4229AD311E00068AEF /* LaunchScreen.storyboard */,
			);
			path = Resources;
			sourceTree = "<group>";
		};
		1B63300429B16FB0008209B2 /* UIImageView */ = {
			isa = PBXGroup;
			children = (
				1B63300529B17085008209B2 /* UIImageView+LoadImage.swift */,
			);
			path = UIImageView;
			sourceTree = "<group>";
		};
		1BFF3F2B29AD311D00068AEF = {
			isa = PBXGroup;
			children = (
				1BFF3F3629AD311D00068AEF /* GamesApp */,
				1BFF3F4D29AD311E00068AEF /* GamesAppTests */,
				1BFF3F5729AD311E00068AEF /* GamesAppUITests */,
				1BFF3F3529AD311D00068AEF /* Products */,
			);
			sourceTree = "<group>";
		};
		1BFF3F3529AD311D00068AEF /* Products */ = {
			isa = PBXGroup;
			children = (
				1BFF3F3429AD311D00068AEF /* GamesApp.app */,
				1BFF3F4A29AD311E00068AEF /* GamesAppTests.xctest */,
				1BFF3F5429AD311E00068AEF /* GamesAppUITests.xctest */,
			);
			name = Products;
			sourceTree = "<group>";
		};
		1BFF3F3629AD311D00068AEF /* GamesApp */ = {
			isa = PBXGroup;
			children = (
				1B632FF729B12F76008209B2 /* Core */,
				1B632FF629B12F6E008209B2 /* Configurations */,
				1B632FF829B12F8D008209B2 /* Resources */,
				1B632FEA29B1271A008209B2 /* Model */,
				1BFF3F6D29AD346D00068AEF /* Scenes */,
				1BFF3F6A29AD345600068AEF /* CoreServices */,
				1BFF3F6E29AD348500068AEF /* Utiles */,
			);
			path = GamesApp;
			sourceTree = "<group>";
		};
		1BFF3F4D29AD311E00068AEF /* GamesAppTests */ = {
			isa = PBXGroup;
			children = (
				1BFF3F4E29AD311E00068AEF /* GamesAppTests.swift */,
			);
			path = GamesAppTests;
			sourceTree = "<group>";
		};
		1BFF3F5729AD311E00068AEF /* GamesAppUITests */ = {
			isa = PBXGroup;
			children = (
				1BFF3F5829AD311E00068AEF /* GamesAppUITests.swift */,
				1BFF3F5A29AD311E00068AEF /* GamesAppUITestsLaunchTests.swift */,
			);
			path = GamesAppUITests;
			sourceTree = "<group>";
		};
		1BFF3F6A29AD345600068AEF /* CoreServices */ = {
			isa = PBXGroup;
			children = (
				1B632FE729B1245A008209B2 /* Repositories */,
				1B632FB029AFAE5E008209B2 /* Network */,
			);
			path = CoreServices;
			sourceTree = "<group>";
		};
		1BFF3F6D29AD346D00068AEF /* Scenes */ = {
			isa = PBXGroup;
			children = (
				1B632F8629AEC826008209B2 /* Base */,
				1B632FBE29B0FB23008209B2 /* Games */,
				1B632FBF29B0FB2A008209B2 /* Favourites */,
				1B632FC029B0FB3C008209B2 /* GameDetails */,
			);
			path = Scenes;
			sourceTree = "<group>";
		};
		1BFF3F6E29AD348500068AEF /* Utiles */ = {
			isa = PBXGroup;
			children = (
				1B632FF929B12FBA008209B2 /* Constants.swift */,
				1B632FB729AFCC09008209B2 /* UICustomClasses */,
				1B3FF26729AE7EAC00F2A58C /* Extensions */,
			);
			path = Utiles;
			sourceTree = "<group>";
		};
/* End PBXGroup section */

/* Begin PBXNativeTarget section */
		1BFF3F3329AD311D00068AEF /* GamesApp */ = {
			isa = PBXNativeTarget;
			buildConfigurationList = 1BFF3F5E29AD311E00068AEF /* Build configuration list for PBXNativeTarget "GamesApp" */;
			buildPhases = (
				1BFF3F3029AD311D00068AEF /* Sources */,
				1BFF3F3129AD311D00068AEF /* Frameworks */,
				1BFF3F3229AD311D00068AEF /* Resources */,
			);
			buildRules = (
			);
			dependencies = (
			);
			name = GamesApp;
			packageProductDependencies = (
				1B632FA829AF63E6008209B2 /* Alamofire */,
				1B632FFE29B168E2008209B2 /* SDWebImage */,
			);
			productName = GamesApp;
			productReference = 1BFF3F3429AD311D00068AEF /* GamesApp.app */;
			productType = "com.apple.product-type.application";
		};
		1BFF3F4929AD311E00068AEF /* GamesAppTests */ = {
			isa = PBXNativeTarget;
			buildConfigurationList = 1BFF3F6129AD311E00068AEF /* Build configuration list for PBXNativeTarget "GamesAppTests" */;
			buildPhases = (
				1BFF3F4629AD311E00068AEF /* Sources */,
				1BFF3F4729AD311E00068AEF /* Frameworks */,
				1BFF3F4829AD311E00068AEF /* Resources */,
			);
			buildRules = (
			);
			dependencies = (
				1BFF3F4C29AD311E00068AEF /* PBXTargetDependency */,
			);
			name = GamesAppTests;
			productName = GamesAppTests;
			productReference = 1BFF3F4A29AD311E00068AEF /* GamesAppTests.xctest */;
			productType = "com.apple.product-type.bundle.unit-test";
		};
		1BFF3F5329AD311E00068AEF /* GamesAppUITests */ = {
			isa = PBXNativeTarget;
			buildConfigurationList = 1BFF3F6429AD311E00068AEF /* Build configuration list for PBXNativeTarget "GamesAppUITests" */;
			buildPhases = (
				1BFF3F5029AD311E00068AEF /* Sources */,
				1BFF3F5129AD311E00068AEF /* Frameworks */,
				1BFF3F5229AD311E00068AEF /* Resources */,
			);
			buildRules = (
			);
			dependencies = (
				1BFF3F5629AD311E00068AEF /* PBXTargetDependency */,
			);
			name = GamesAppUITests;
			productName = GamesAppUITests;
			productReference = 1BFF3F5429AD311E00068AEF /* GamesAppUITests.xctest */;
			productType = "com.apple.product-type.bundle.ui-testing";
		};
/* End PBXNativeTarget section */

/* Begin PBXProject section */
		1BFF3F2C29AD311D00068AEF /* Project object */ = {
			isa = PBXProject;
			attributes = {
				BuildIndependentTargetsInParallel = 1;
				LastSwiftUpdateCheck = 1410;
				LastUpgradeCheck = 1410;
				TargetAttributes = {
					1BFF3F3329AD311D00068AEF = {
						CreatedOnToolsVersion = 14.1;
					};
					1BFF3F4929AD311E00068AEF = {
						CreatedOnToolsVersion = 14.1;
						TestTargetID = 1BFF3F3329AD311D00068AEF;
					};
					1BFF3F5329AD311E00068AEF = {
						CreatedOnToolsVersion = 14.1;
						TestTargetID = 1BFF3F3329AD311D00068AEF;
					};
				};
			};
			buildConfigurationList = 1BFF3F2F29AD311D00068AEF /* Build configuration list for PBXProject "GamesApp" */;
			compatibilityVersion = "Xcode 14.0";
			developmentRegion = en;
			hasScannedForEncodings = 0;
			knownRegions = (
				en,
				Base,
			);
			mainGroup = 1BFF3F2B29AD311D00068AEF;
			packageReferences = (
				1B632FA729AF63E6008209B2 /* XCRemoteSwiftPackageReference "Alamofire" */,
				1B632FFD29B168E2008209B2 /* XCRemoteSwiftPackageReference "SDWebImage" */,
			);
			productRefGroup = 1BFF3F3529AD311D00068AEF /* Products */;
			projectDirPath = "";
			projectRoot = "";
			targets = (
				1BFF3F3329AD311D00068AEF /* GamesApp */,
				1BFF3F4929AD311E00068AEF /* GamesAppTests */,
				1BFF3F5329AD311E00068AEF /* GamesAppUITests */,
			);
		};
/* End PBXProject section */

/* Begin PBXResourcesBuildPhase section */
		1BFF3F3229AD311D00068AEF /* Resources */ = {
			isa = PBXResourcesBuildPhase;
			buildActionMask = 2147483647;
			files = (
				1BFF3F4429AD311E00068AEF /* LaunchScreen.storyboard in Resources */,
				1BFF3F4129AD311E00068AEF /* Assets.xcassets in Resources */,
			);
			runOnlyForDeploymentPostprocessing = 0;
		};
		1BFF3F4829AD311E00068AEF /* Resources */ = {
			isa = PBXResourcesBuildPhase;
			buildActionMask = 2147483647;
			files = (
			);
			runOnlyForDeploymentPostprocessing = 0;
		};
		1BFF3F5229AD311E00068AEF /* Resources */ = {
			isa = PBXResourcesBuildPhase;
			buildActionMask = 2147483647;
			files = (
			);
			runOnlyForDeploymentPostprocessing = 0;
		};
/* End PBXResourcesBuildPhase section */

/* Begin PBXSourcesBuildPhase section */
		1BFF3F3029AD311D00068AEF /* Sources */ = {
			isa = PBXSourcesBuildPhase;
			buildActionMask = 2147483647;
			files = (
				1B632FD329B110E4008209B2 /* GamesView.swift in Sources */,
				1B632FB929AFCC23008209B2 /* IntrinsicTableView.swift in Sources */,
				1B632FD129B10E32008209B2 /* UIViewController+toNavigation.swift in Sources */,
				1B632FE929B1261D008209B2 /* GamesVC+CollectionViewDelegate.swift in Sources */,
				1BFF3F3829AD311D00068AEF /* AppDelegate.swift in Sources */,
				1B632FF129B12827008209B2 /* UICollectionView+forceDequeueCell.swift in Sources */,
				1B632FC229B0FBA9008209B2 /* GameDetailsVCRouter.swift in Sources */,
				1B632FA329AF6304008209B2 /* UIview+fillSuperviewSafeArea.swift in Sources */,
				1B632FBD29B0F975008209B2 /* MainTabBar.swift in Sources */,
				1B632FDD29B11135008209B2 /* GameDetailsVC.swift in Sources */,
				1B632FB429AFAF1E008209B2 /* NetworkMiddleware.swift in Sources */,
				1B632FCF29B0FC91008209B2 /* GamesVCPresenter.swift in Sources */,
				1B3FF26A29AE7EF800F2A58C /* UIColor+CustomColors.swift in Sources */,
				1B632F9A29AF62BA008209B2 /* UIViewController+loading.swift in Sources */,
				1B632F8E29AEC89E008209B2 /* BasePresenterProtocol.swift in Sources */,
				1B632FFA29B12FBA008209B2 /* Constants.swift in Sources */,
				1B63300629B17085008209B2 /* UIImageView+LoadImage.swift in Sources */,
				1B632FB629AFAF36008209B2 /* URLRequestConvertible.swift in Sources */,
				1B632FE029B11D00008209B2 /* GameCell.swift in Sources */,
				1B632F9029AEC8D2008209B2 /* BaseViewProtocol.swift in Sources */,
				1B632FE429B11D79008209B2 /* UICollectionView+identifier.swift in Sources */,
				1B632F8C29AEC888008209B2 /* BaseView.swift in Sources */,
				1B632FCC29B0FC77008209B2 /* FavouritesVCPresenter.swift in Sources */,
				1B63300829B189E0008209B2 /* GamesVC+SearchBarDelegate.swift in Sources */,
				1B632F9329AECC37008209B2 /* BaseRouter.swift in Sources */,
				1B632F9C29AF62C7008209B2 /* UIViewController+showAlert.swift in Sources */,
				1B632FD729B11102008209B2 /* FavouritesView.swift in Sources */,
				1B632FC729B0FBD6008209B2 /* GamesVCRouter.swift in Sources */,
				1B632F9F29AF62E5008209B2 /* UIView+anchor.swift in Sources */,
				1B632FC929B0FC43008209B2 /* GameDetailsVCPresenter.swift in Sources */,
				1B632FF329B12877008209B2 /* GameCell+ViewDelegate.swift in Sources */,
				1B632FF529B12DD3008209B2 /* GamesRepository.swift in Sources */,
				1B632FB229AFAED6008209B2 /* Network.swift in Sources */,
				1BFF3F6829AD334000068AEF /* AppDelegate+appearance.swift in Sources */,
				1B632FEE29B12791008209B2 /* GamesVC+ViewDelegate.swift in Sources */,
				1B63300129B169DD008209B2 /* GamesNetworkRouter.swift in Sources */,
				1B632FC529B0FBC6008209B2 /* FavouritesVCRouter.swift in Sources */,
				1B632FFC29B16448008209B2 /* UIView+fillSuperView.swift in Sources */,
				1B632FD929B11112008209B2 /* FavouritesVC.swift in Sources */,
				1B632F8829AEC85C008209B2 /* BaseVC.swift in Sources */,
				1B632FDB29B11129008209B2 /* GameDetailsView.swift in Sources */,
				1B632FD529B110EF008209B2 /* GamesVC.swift in Sources */,
				1B63300329B16BB4008209B2 /* Game.swift in Sources */,
				1B632FEC29B1272D008209B2 /* BaseCodable.swift in Sources */,
				1B632FA129AF62F0008209B2 /* UIView+makeRounded.swift in Sources */,
			);
			runOnlyForDeploymentPostprocessing = 0;
		};
		1BFF3F4629AD311E00068AEF /* Sources */ = {
			isa = PBXSourcesBuildPhase;
			buildActionMask = 2147483647;
			files = (
				1BFF3F4F29AD311E00068AEF /* GamesAppTests.swift in Sources */,
			);
			runOnlyForDeploymentPostprocessing = 0;
		};
		1BFF3F5029AD311E00068AEF /* Sources */ = {
			isa = PBXSourcesBuildPhase;
			buildActionMask = 2147483647;
			files = (
				1BFF3F5B29AD311E00068AEF /* GamesAppUITestsLaunchTests.swift in Sources */,
				1BFF3F5929AD311E00068AEF /* GamesAppUITests.swift in Sources */,
			);
			runOnlyForDeploymentPostprocessing = 0;
		};
/* End PBXSourcesBuildPhase section */

/* Begin PBXTargetDependency section */
		1BFF3F4C29AD311E00068AEF /* PBXTargetDependency */ = {
			isa = PBXTargetDependency;
			target = 1BFF3F3329AD311D00068AEF /* GamesApp */;
			targetProxy = 1BFF3F4B29AD311E00068AEF /* PBXContainerItemProxy */;
		};
		1BFF3F5629AD311E00068AEF /* PBXTargetDependency */ = {
			isa = PBXTargetDependency;
			target = 1BFF3F3329AD311D00068AEF /* GamesApp */;
			targetProxy = 1BFF3F5529AD311E00068AEF /* PBXContainerItemProxy */;
		};
/* End PBXTargetDependency section */

/* Begin PBXVariantGroup section */
		1BFF3F4229AD311E00068AEF /* LaunchScreen.storyboard */ = {
			isa = PBXVariantGroup;
			children = (
				1BFF3F4329AD311E00068AEF /* Base */,
			);
			name = LaunchScreen.storyboard;
			sourceTree = "<group>";
		};
/* End PBXVariantGroup section */

/* Begin XCBuildConfiguration section */
		1BFF3F5C29AD311E00068AEF /* Debug */ = {
			isa = XCBuildConfiguration;
			buildSettings = {
				ALWAYS_SEARCH_USER_PATHS = NO;
				CLANG_ANALYZER_NONNULL = YES;
				CLANG_ANALYZER_NUMBER_OBJECT_CONVERSION = YES_AGGRESSIVE;
				CLANG_CXX_LANGUAGE_STANDARD = "gnu++20";
				CLANG_ENABLE_MODULES = YES;
				CLANG_ENABLE_OBJC_ARC = YES;
				CLANG_ENABLE_OBJC_WEAK = YES;
				CLANG_WARN_BLOCK_CAPTURE_AUTORELEASING = YES;
				CLANG_WARN_BOOL_CONVERSION = YES;
				CLANG_WARN_COMMA = YES;
				CLANG_WARN_CONSTANT_CONVERSION = YES;
				CLANG_WARN_DEPRECATED_OBJC_IMPLEMENTATIONS = YES;
				CLANG_WARN_DIRECT_OBJC_ISA_USAGE = YES_ERROR;
				CLANG_WARN_DOCUMENTATION_COMMENTS = YES;
				CLANG_WARN_EMPTY_BODY = YES;
				CLANG_WARN_ENUM_CONVERSION = YES;
				CLANG_WARN_INFINITE_RECURSION = YES;
				CLANG_WARN_INT_CONVERSION = YES;
				CLANG_WARN_NON_LITERAL_NULL_CONVERSION = YES;
				CLANG_WARN_OBJC_IMPLICIT_RETAIN_SELF = YES;
				CLANG_WARN_OBJC_LITERAL_CONVERSION = YES;
				CLANG_WARN_OBJC_ROOT_CLASS = YES_ERROR;
				CLANG_WARN_QUOTED_INCLUDE_IN_FRAMEWORK_HEADER = YES;
				CLANG_WARN_RANGE_LOOP_ANALYSIS = YES;
				CLANG_WARN_STRICT_PROTOTYPES = YES;
				CLANG_WARN_SUSPICIOUS_MOVE = YES;
				CLANG_WARN_UNGUARDED_AVAILABILITY = YES_AGGRESSIVE;
				CLANG_WARN_UNREACHABLE_CODE = YES;
				CLANG_WARN__DUPLICATE_METHOD_MATCH = YES;
				COPY_PHASE_STRIP = NO;
				DEBUG_INFORMATION_FORMAT = dwarf;
				ENABLE_STRICT_OBJC_MSGSEND = YES;
				ENABLE_TESTABILITY = YES;
				GCC_C_LANGUAGE_STANDARD = gnu11;
				GCC_DYNAMIC_NO_PIC = NO;
				GCC_NO_COMMON_BLOCKS = YES;
				GCC_OPTIMIZATION_LEVEL = 0;
				GCC_PREPROCESSOR_DEFINITIONS = (
					"DEBUG=1",
					"$(inherited)",
				);
				GCC_WARN_64_TO_32_BIT_CONVERSION = YES;
				GCC_WARN_ABOUT_RETURN_TYPE = YES_ERROR;
				GCC_WARN_UNDECLARED_SELECTOR = YES;
				GCC_WARN_UNINITIALIZED_AUTOS = YES_AGGRESSIVE;
				GCC_WARN_UNUSED_FUNCTION = YES;
				GCC_WARN_UNUSED_VARIABLE = YES;
				IPHONEOS_DEPLOYMENT_TARGET = 11.0;
				MTL_ENABLE_DEBUG_INFO = INCLUDE_SOURCE;
				MTL_FAST_MATH = YES;
				ONLY_ACTIVE_ARCH = YES;
				SDKROOT = iphoneos;
				SWIFT_ACTIVE_COMPILATION_CONDITIONS = DEBUG;
				SWIFT_OPTIMIZATION_LEVEL = "-Onone";
			};
			name = Debug;
		};
		1BFF3F5D29AD311E00068AEF /* Release */ = {
			isa = XCBuildConfiguration;
			buildSettings = {
				ALWAYS_SEARCH_USER_PATHS = NO;
				CLANG_ANALYZER_NONNULL = YES;
				CLANG_ANALYZER_NUMBER_OBJECT_CONVERSION = YES_AGGRESSIVE;
				CLANG_CXX_LANGUAGE_STANDARD = "gnu++20";
				CLANG_ENABLE_MODULES = YES;
				CLANG_ENABLE_OBJC_ARC = YES;
				CLANG_ENABLE_OBJC_WEAK = YES;
				CLANG_WARN_BLOCK_CAPTURE_AUTORELEASING = YES;
				CLANG_WARN_BOOL_CONVERSION = YES;
				CLANG_WARN_COMMA = YES;
				CLANG_WARN_CONSTANT_CONVERSION = YES;
				CLANG_WARN_DEPRECATED_OBJC_IMPLEMENTATIONS = YES;
				CLANG_WARN_DIRECT_OBJC_ISA_USAGE = YES_ERROR;
				CLANG_WARN_DOCUMENTATION_COMMENTS = YES;
				CLANG_WARN_EMPTY_BODY = YES;
				CLANG_WARN_ENUM_CONVERSION = YES;
				CLANG_WARN_INFINITE_RECURSION = YES;
				CLANG_WARN_INT_CONVERSION = YES;
				CLANG_WARN_NON_LITERAL_NULL_CONVERSION = YES;
				CLANG_WARN_OBJC_IMPLICIT_RETAIN_SELF = YES;
				CLANG_WARN_OBJC_LITERAL_CONVERSION = YES;
				CLANG_WARN_OBJC_ROOT_CLASS = YES_ERROR;
				CLANG_WARN_QUOTED_INCLUDE_IN_FRAMEWORK_HEADER = YES;
				CLANG_WARN_RANGE_LOOP_ANALYSIS = YES;
				CLANG_WARN_STRICT_PROTOTYPES = YES;
				CLANG_WARN_SUSPICIOUS_MOVE = YES;
				CLANG_WARN_UNGUARDED_AVAILABILITY = YES_AGGRESSIVE;
				CLANG_WARN_UNREACHABLE_CODE = YES;
				CLANG_WARN__DUPLICATE_METHOD_MATCH = YES;
				COPY_PHASE_STRIP = NO;
				DEBUG_INFORMATION_FORMAT = "dwarf-with-dsym";
				ENABLE_NS_ASSERTIONS = NO;
				ENABLE_STRICT_OBJC_MSGSEND = YES;
				GCC_C_LANGUAGE_STANDARD = gnu11;
				GCC_NO_COMMON_BLOCKS = YES;
				GCC_WARN_64_TO_32_BIT_CONVERSION = YES;
				GCC_WARN_ABOUT_RETURN_TYPE = YES_ERROR;
				GCC_WARN_UNDECLARED_SELECTOR = YES;
				GCC_WARN_UNINITIALIZED_AUTOS = YES_AGGRESSIVE;
				GCC_WARN_UNUSED_FUNCTION = YES;
				GCC_WARN_UNUSED_VARIABLE = YES;
				IPHONEOS_DEPLOYMENT_TARGET = 11.0;
				MTL_ENABLE_DEBUG_INFO = NO;
				MTL_FAST_MATH = YES;
				SDKROOT = iphoneos;
				SWIFT_COMPILATION_MODE = wholemodule;
				SWIFT_OPTIMIZATION_LEVEL = "-O";
				VALIDATE_PRODUCT = YES;
			};
			name = Release;
		};
		1BFF3F5F29AD311E00068AEF /* Debug */ = {
			isa = XCBuildConfiguration;
			buildSettings = {
				ASSETCATALOG_COMPILER_APPICON_NAME = AppIcon;
				ASSETCATALOG_COMPILER_GLOBAL_ACCENT_COLOR_NAME = AccentColor;
				CODE_SIGN_STYLE = Automatic;
				CURRENT_PROJECT_VERSION = 1;
				DEVELOPMENT_TEAM = 9735R6K6L7;
				GENERATE_INFOPLIST_FILE = YES;
				INFOPLIST_FILE = GamesApp/Configurations/Info.plist;
				INFOPLIST_KEY_UIApplicationSupportsIndirectInputEvents = YES;
				INFOPLIST_KEY_UILaunchStoryboardName = LaunchScreen;
				INFOPLIST_KEY_UIMainStoryboardFile = "";
				INFOPLIST_KEY_UISupportedInterfaceOrientations_iPad = "UIInterfaceOrientationPortrait UIInterfaceOrientationPortraitUpsideDown UIInterfaceOrientationLandscapeLeft UIInterfaceOrientationLandscapeRight";
				INFOPLIST_KEY_UISupportedInterfaceOrientations_iPhone = "UIInterfaceOrientationPortrait UIInterfaceOrientationLandscapeLeft UIInterfaceOrientationLandscapeRight";
				IPHONEOS_DEPLOYMENT_TARGET = 11.0;
				LD_RUNPATH_SEARCH_PATHS = (
					"$(inherited)",
					"@executable_path/Frameworks",
				);
				MARKETING_VERSION = 1.0;
				PRODUCT_BUNDLE_IDENTIFIER = KhaledBohout.GamesApp;
				PRODUCT_NAME = "$(TARGET_NAME)";
				SUPPORTED_PLATFORMS = "iphoneos iphonesimulator";
				SUPPORTS_MACCATALYST = NO;
				SUPPORTS_MAC_DESIGNED_FOR_IPHONE_IPAD = NO;
				SWIFT_EMIT_LOC_STRINGS = YES;
				SWIFT_VERSION = 5.0;
				TARGETED_DEVICE_FAMILY = "1,2";
			};
			name = Debug;
		};
		1BFF3F6029AD311E00068AEF /* Release */ = {
			isa = XCBuildConfiguration;
			buildSettings = {
				ASSETCATALOG_COMPILER_APPICON_NAME = AppIcon;
				ASSETCATALOG_COMPILER_GLOBAL_ACCENT_COLOR_NAME = AccentColor;
				CODE_SIGN_STYLE = Automatic;
				CURRENT_PROJECT_VERSION = 1;
				DEVELOPMENT_TEAM = 9735R6K6L7;
				GENERATE_INFOPLIST_FILE = YES;
				INFOPLIST_FILE = GamesApp/Configurations/Info.plist;
				INFOPLIST_KEY_UIApplicationSupportsIndirectInputEvents = YES;
				INFOPLIST_KEY_UILaunchStoryboardName = LaunchScreen;
				INFOPLIST_KEY_UIMainStoryboardFile = "";
				INFOPLIST_KEY_UISupportedInterfaceOrientations_iPad = "UIInterfaceOrientationPortrait UIInterfaceOrientationPortraitUpsideDown UIInterfaceOrientationLandscapeLeft UIInterfaceOrientationLandscapeRight";
				INFOPLIST_KEY_UISupportedInterfaceOrientations_iPhone = "UIInterfaceOrientationPortrait UIInterfaceOrientationLandscapeLeft UIInterfaceOrientationLandscapeRight";
				IPHONEOS_DEPLOYMENT_TARGET = 11.0;
				LD_RUNPATH_SEARCH_PATHS = (
					"$(inherited)",
					"@executable_path/Frameworks",
				);
				MARKETING_VERSION = 1.0;
				PRODUCT_BUNDLE_IDENTIFIER = KhaledBohout.GamesApp;
				PRODUCT_NAME = "$(TARGET_NAME)";
				SUPPORTED_PLATFORMS = "iphoneos iphonesimulator";
				SUPPORTS_MACCATALYST = NO;
				SUPPORTS_MAC_DESIGNED_FOR_IPHONE_IPAD = NO;
				SWIFT_EMIT_LOC_STRINGS = YES;
				SWIFT_VERSION = 5.0;
				TARGETED_DEVICE_FAMILY = "1,2";
			};
			name = Release;
		};
		1BFF3F6229AD311E00068AEF /* Debug */ = {
			isa = XCBuildConfiguration;
			buildSettings = {
				ALWAYS_EMBED_SWIFT_STANDARD_LIBRARIES = YES;
				BUNDLE_LOADER = "$(TEST_HOST)";
				CODE_SIGN_STYLE = Automatic;
				CURRENT_PROJECT_VERSION = 1;
				DEVELOPMENT_TEAM = 9735R6K6L7;
				GENERATE_INFOPLIST_FILE = YES;
				IPHONEOS_DEPLOYMENT_TARGET = 16.1;
				MARKETING_VERSION = 1.0;
				PRODUCT_BUNDLE_IDENTIFIER = KhaledBohout.GamesAppTests;
				PRODUCT_NAME = "$(TARGET_NAME)";
				SWIFT_EMIT_LOC_STRINGS = NO;
				SWIFT_VERSION = 5.0;
				TARGETED_DEVICE_FAMILY = "1,2";
				TEST_HOST = "$(BUILT_PRODUCTS_DIR)/GamesApp.app/$(BUNDLE_EXECUTABLE_FOLDER_PATH)/GamesApp";
			};
			name = Debug;
		};
		1BFF3F6329AD311E00068AEF /* Release */ = {
			isa = XCBuildConfiguration;
			buildSettings = {
				ALWAYS_EMBED_SWIFT_STANDARD_LIBRARIES = YES;
				BUNDLE_LOADER = "$(TEST_HOST)";
				CODE_SIGN_STYLE = Automatic;
				CURRENT_PROJECT_VERSION = 1;
				DEVELOPMENT_TEAM = 9735R6K6L7;
				GENERATE_INFOPLIST_FILE = YES;
				IPHONEOS_DEPLOYMENT_TARGET = 16.1;
				MARKETING_VERSION = 1.0;
				PRODUCT_BUNDLE_IDENTIFIER = KhaledBohout.GamesAppTests;
				PRODUCT_NAME = "$(TARGET_NAME)";
				SWIFT_EMIT_LOC_STRINGS = NO;
				SWIFT_VERSION = 5.0;
				TARGETED_DEVICE_FAMILY = "1,2";
				TEST_HOST = "$(BUILT_PRODUCTS_DIR)/GamesApp.app/$(BUNDLE_EXECUTABLE_FOLDER_PATH)/GamesApp";
			};
			name = Release;
		};
		1BFF3F6529AD311E00068AEF /* Debug */ = {
			isa = XCBuildConfiguration;
			buildSettings = {
				ALWAYS_EMBED_SWIFT_STANDARD_LIBRARIES = YES;
				CODE_SIGN_STYLE = Automatic;
				CURRENT_PROJECT_VERSION = 1;
				DEVELOPMENT_TEAM = 9735R6K6L7;
				GENERATE_INFOPLIST_FILE = YES;
				MARKETING_VERSION = 1.0;
				PRODUCT_BUNDLE_IDENTIFIER = KhaledBohout.GamesAppUITests;
				PRODUCT_NAME = "$(TARGET_NAME)";
				SWIFT_EMIT_LOC_STRINGS = NO;
				SWIFT_VERSION = 5.0;
				TARGETED_DEVICE_FAMILY = "1,2";
				TEST_TARGET_NAME = GamesApp;
			};
			name = Debug;
		};
		1BFF3F6629AD311E00068AEF /* Release */ = {
			isa = XCBuildConfiguration;
			buildSettings = {
				ALWAYS_EMBED_SWIFT_STANDARD_LIBRARIES = YES;
				CODE_SIGN_STYLE = Automatic;
				CURRENT_PROJECT_VERSION = 1;
				DEVELOPMENT_TEAM = 9735R6K6L7;
				GENERATE_INFOPLIST_FILE = YES;
				MARKETING_VERSION = 1.0;
				PRODUCT_BUNDLE_IDENTIFIER = KhaledBohout.GamesAppUITests;
				PRODUCT_NAME = "$(TARGET_NAME)";
				SWIFT_EMIT_LOC_STRINGS = NO;
				SWIFT_VERSION = 5.0;
				TARGETED_DEVICE_FAMILY = "1,2";
				TEST_TARGET_NAME = GamesApp;
			};
			name = Release;
		};
/* End XCBuildConfiguration section */

/* Begin XCConfigurationList section */
		1BFF3F2F29AD311D00068AEF /* Build configuration list for PBXProject "GamesApp" */ = {
			isa = XCConfigurationList;
			buildConfigurations = (
				1BFF3F5C29AD311E00068AEF /* Debug */,
				1BFF3F5D29AD311E00068AEF /* Release */,
			);
			defaultConfigurationIsVisible = 0;
			defaultConfigurationName = Release;
		};
		1BFF3F5E29AD311E00068AEF /* Build configuration list for PBXNativeTarget "GamesApp" */ = {
			isa = XCConfigurationList;
			buildConfigurations = (
				1BFF3F5F29AD311E00068AEF /* Debug */,
				1BFF3F6029AD311E00068AEF /* Release */,
			);
			defaultConfigurationIsVisible = 0;
			defaultConfigurationName = Release;
		};
		1BFF3F6129AD311E00068AEF /* Build configuration list for PBXNativeTarget "GamesAppTests" */ = {
			isa = XCConfigurationList;
			buildConfigurations = (
				1BFF3F6229AD311E00068AEF /* Debug */,
				1BFF3F6329AD311E00068AEF /* Release */,
			);
			defaultConfigurationIsVisible = 0;
			defaultConfigurationName = Release;
		};
		1BFF3F6429AD311E00068AEF /* Build configuration list for PBXNativeTarget "GamesAppUITests" */ = {
			isa = XCConfigurationList;
			buildConfigurations = (
				1BFF3F6529AD311E00068AEF /* Debug */,
				1BFF3F6629AD311E00068AEF /* Release */,
			);
			defaultConfigurationIsVisible = 0;
			defaultConfigurationName = Release;
		};
/* End XCConfigurationList section */

/* Begin XCRemoteSwiftPackageReference section */
		1B632FA729AF63E6008209B2 /* XCRemoteSwiftPackageReference "Alamofire" */ = {
			isa = XCRemoteSwiftPackageReference;
			repositoryURL = "https://github.com/Alamofire/Alamofire.git";
			requirement = {
				kind = upToNextMajorVersion;
				minimumVersion = 5.0.0;
			};
		};
		1B632FFD29B168E2008209B2 /* XCRemoteSwiftPackageReference "SDWebImage" */ = {
			isa = XCRemoteSwiftPackageReference;
			repositoryURL = "https://github.com/SDWebImage/SDWebImage.git";
			requirement = {
				kind = upToNextMajorVersion;
				minimumVersion = 5.0.0;
			};
		};
/* End XCRemoteSwiftPackageReference section */

/* Begin XCSwiftPackageProductDependency section */
		1B632FA829AF63E6008209B2 /* Alamofire */ = {
			isa = XCSwiftPackageProductDependency;
			package = 1B632FA729AF63E6008209B2 /* XCRemoteSwiftPackageReference "Alamofire" */;
			productName = Alamofire;
		};
		1B632FFE29B168E2008209B2 /* SDWebImage */ = {
			isa = XCSwiftPackageProductDependency;
			package = 1B632FFD29B168E2008209B2 /* XCRemoteSwiftPackageReference "SDWebImage" */;
			productName = SDWebImage;
		};
/* End XCSwiftPackageProductDependency section */
	};
	rootObject = 1BFF3F2C29AD311D00068AEF /* Project object */;
}
